// !$*UTF8*$!
{
	archiveVersion = 1;
	classes = {
	};
	objectVersion = 56;
	objects = {

/* Begin PBXBuildFile section */
		42FE5C662B384C52004982E3 /* forZoloApp.swift in Sources */ = {isa = PBXBuildFile; fileRef = 42FE5C652B384C52004982E3 /* forZoloApp.swift */; };
		42FE5C682B384C52004982E3 /* ContentView.swift in Sources */ = {isa = PBXBuildFile; fileRef = 42FE5C672B384C52004982E3 /* ContentView.swift */; };
		42FE5C6A2B384C52004982E3 /* Item.swift in Sources */ = {isa = PBXBuildFile; fileRef = 42FE5C692B384C52004982E3 /* Item.swift */; };
		42FE5C6C2B384C54004982E3 /* Assets.xcassets in Resources */ = {isa = PBXBuildFile; fileRef = 42FE5C6B2B384C54004982E3 /* Assets.xcassets */; };
		42FE5C6F2B384C54004982E3 /* Preview Assets.xcassets in Resources */ = {isa = PBXBuildFile; fileRef = 42FE5C6E2B384C54004982E3 /* Preview Assets.xcassets */; };
		42FE5CCA2B38ACAE004982E3 /* BookList.swift in Sources */ = {isa = PBXBuildFile; fileRef = 42FE5CC92B38ACAE004982E3 /* BookList.swift */; };
		42FE5CCC2B38B561004982E3 /* frontPage.swift in Sources */ = {isa = PBXBuildFile; fileRef = 42FE5CCB2B38B561004982E3 /* frontPage.swift */; };
		42FE5CCE2B38C203004982E3 /* TopNavBar.swift in Sources */ = {isa = PBXBuildFile; fileRef = 42FE5CCD2B38C203004982E3 /* TopNavBar.swift */; };
		42FE5CD02B38CF07004982E3 /* AddBookView.swift in Sources */ = {isa = PBXBuildFile; fileRef = 42FE5CCF2B38CF07004982E3 /* AddBookView.swift */; };
/* End PBXBuildFile section */

/* Begin PBXContainerItemProxy section */
		42FE5C752B384C54004982E3 /* PBXContainerItemProxy */ = {
			isa = PBXContainerItemProxy;
			containerPortal = 42FE5C5A2B384C52004982E3 /* Project object */;
			proxyType = 1;
			remoteGlobalIDString = 42FE5C612B384C52004982E3;
			remoteInfo = forZolo;
		};
		42FE5C7F2B384C54004982E3 /* PBXContainerItemProxy */ = {
			isa = PBXContainerItemProxy;
			containerPortal = 42FE5C5A2B384C52004982E3 /* Project object */;
			proxyType = 1;
			remoteGlobalIDString = 42FE5C612B384C52004982E3;
			remoteInfo = forZolo;
		};
/* End PBXContainerItemProxy section */

/* Begin PBXFileReference section */
		42FE5C622B384C52004982E3 /* forZolo.app */ = {isa = PBXFileReference; explicitFileType = wrapper.application; includeInIndex = 0; path = forZolo.app; sourceTree = BUILT_PRODUCTS_DIR; };
		42FE5C652B384C52004982E3 /* forZoloApp.swift */ = {isa = PBXFileReference; lastKnownFileType = sourcecode.swift; path = forZoloApp.swift; sourceTree = "<group>"; };
		42FE5C672B384C52004982E3 /* ContentView.swift */ = {isa = PBXFileReference; lastKnownFileType = sourcecode.swift; path = ContentView.swift; sourceTree = "<group>"; };
		42FE5C692B384C52004982E3 /* Item.swift */ = {isa = PBXFileReference; lastKnownFileType = sourcecode.swift; path = Item.swift; sourceTree = "<group>"; };
		42FE5C6B2B384C54004982E3 /* Assets.xcassets */ = {isa = PBXFileReference; lastKnownFileType = folder.assetcatalog; path = Assets.xcassets; sourceTree = "<group>"; };
		42FE5C6E2B384C54004982E3 /* Preview Assets.xcassets */ = {isa = PBXFileReference; lastKnownFileType = folder.assetcatalog; path = "Preview Assets.xcassets"; sourceTree = "<group>"; };
		42FE5C742B384C54004982E3 /* forZoloTests.xctest */ = {isa = PBXFileReference; explicitFileType = wrapper.cfbundle; includeInIndex = 0; path = forZoloTests.xctest; sourceTree = BUILT_PRODUCTS_DIR; };
		42FE5C7E2B384C54004982E3 /* forZoloUITests.xctest */ = {isa = PBXFileReference; explicitFileType = wrapper.cfbundle; includeInIndex = 0; path = forZoloUITests.xctest; sourceTree = BUILT_PRODUCTS_DIR; };
		42FE5CC92B38ACAE004982E3 /* BookList.swift */ = {isa = PBXFileReference; lastKnownFileType = sourcecode.swift; path = BookList.swift; sourceTree = "<group>"; };
		42FE5CCB2B38B561004982E3 /* frontPage.swift */ = {isa = PBXFileReference; lastKnownFileType = sourcecode.swift; path = frontPage.swift; sourceTree = "<group>"; };
		42FE5CCD2B38C203004982E3 /* TopNavBar.swift */ = {isa = PBXFileReference; lastKnownFileType = sourcecode.swift; path = TopNavBar.swift; sourceTree = "<group>"; };
		42FE5CCF2B38CF07004982E3 /* AddBookView.swift */ = {isa = PBXFileReference; lastKnownFileType = sourcecode.swift; path = AddBookView.swift; sourceTree = "<group>"; };
/* End PBXFileReference section */

/* Begin PBXFrameworksBuildPhase section */
		42FE5C5F2B384C52004982E3 /* Frameworks */ = {
			isa = PBXFrameworksBuildPhase;
			buildActionMask = 2147483647;
			files = (
			);
			runOnlyForDeploymentPostprocessing = 0;
		};
		42FE5C712B384C54004982E3 /* Frameworks */ = {
			isa = PBXFrameworksBuildPhase;
			buildActionMask = 2147483647;
			files = (
			);
			runOnlyForDeploymentPostprocessing = 0;
		};
		42FE5C7B2B384C54004982E3 /* Frameworks */ = {
			isa = PBXFrameworksBuildPhase;
			buildActionMask = 2147483647;
			files = (
			);
			runOnlyForDeploymentPostprocessing = 0;
		};
/* End PBXFrameworksBuildPhase section */

/* Begin PBXGroup section */
		42FE5C592B384C52004982E3 = {
			isa = PBXGroup;
			children = (
				42FE5CD32B38D2BF004982E3 /* pages */,
				42FE5C642B384C52004982E3 /* forZolo */,
				42FE5C632B384C52004982E3 /* Products */,
			);
			sourceTree = "<group>";
		};
		42FE5C632B384C52004982E3 /* Products */ = {
			isa = PBXGroup;
			children = (
				42FE5C622B384C52004982E3 /* forZolo.app */,
				42FE5C742B384C54004982E3 /* forZoloTests.xctest */,
				42FE5C7E2B384C54004982E3 /* forZoloUITests.xctest */,
			);
			name = Products;
			sourceTree = "<group>";
		};
		42FE5C642B384C52004982E3 /* forZolo */ = {
			isa = PBXGroup;
			children = (
				42FE5C652B384C52004982E3 /* forZoloApp.swift */,
				42FE5C692B384C52004982E3 /* Item.swift */,
				42FE5CCB2B38B561004982E3 /* frontPage.swift */,
				42FE5C672B384C52004982E3 /* ContentView.swift */,
				42FE5CCD2B38C203004982E3 /* TopNavBar.swift */,
				42FE5CC92B38ACAE004982E3 /* BookList.swift */,
				42FE5CCF2B38CF07004982E3 /* AddBookView.swift */,
				42FE5C6B2B384C54004982E3 /* Assets.xcassets */,
				42FE5C6D2B384C54004982E3 /* Preview Content */,
			);
			path = forZolo;
			sourceTree = "<group>";
		};
		42FE5C6D2B384C54004982E3 /* Preview Content */ = {
			isa = PBXGroup;
			children = (
				42FE5C6E2B384C54004982E3 /* Preview Assets.xcassets */,
			);
			path = "Preview Content";
			sourceTree = "<group>";
		};
		42FE5CD32B38D2BF004982E3 /* pages */ = {
			isa = PBXGroup;
			children = (
			);
			path = pages;
			sourceTree = "<group>";
		};
/* End PBXGroup section */

/* Begin PBXNativeTarget section */
		42FE5C612B384C52004982E3 /* forZolo */ = {
			isa = PBXNativeTarget;
			buildConfigurationList = 42FE5C882B384C54004982E3 /* Build configuration list for PBXNativeTarget "forZolo" */;
			buildPhases = (
				42FE5C5E2B384C52004982E3 /* Sources */,
				42FE5C5F2B384C52004982E3 /* Frameworks */,
				42FE5C602B384C52004982E3 /* Resources */,
			);
			buildRules = (
			);
			dependencies = (
			);
			name = forZolo;
			productName = forZolo;
			productReference = 42FE5C622B384C52004982E3 /* forZolo.app */;
			productType = "com.apple.product-type.application";
		};
		42FE5C732B384C54004982E3 /* forZoloTests */ = {
			isa = PBXNativeTarget;
			buildConfigurationList = 42FE5C8B2B384C54004982E3 /* Build configuration list for PBXNativeTarget "forZoloTests" */;
			buildPhases = (
				42FE5C702B384C54004982E3 /* Sources */,
				42FE5C712B384C54004982E3 /* Frameworks */,
				42FE5C722B384C54004982E3 /* Resources */,
			);
			buildRules = (
			);
			dependencies = (
				42FE5C762B384C54004982E3 /* PBXTargetDependency */,
			);
			name = forZoloTests;
			productName = forZoloTests;
			productReference = 42FE5C742B384C54004982E3 /* forZoloTests.xctest */;
			productType = "com.apple.product-type.bundle.unit-test";
		};
		42FE5C7D2B384C54004982E3 /* forZoloUITests */ = {
			isa = PBXNativeTarget;
			buildConfigurationList = 42FE5C8E2B384C54004982E3 /* Build configuration list for PBXNativeTarget "forZoloUITests" */;
			buildPhases = (
				42FE5C7A2B384C54004982E3 /* Sources */,
				42FE5C7B2B384C54004982E3 /* Frameworks */,
				42FE5C7C2B384C54004982E3 /* Resources */,
			);
			buildRules = (
			);
			dependencies = (
				42FE5C802B384C54004982E3 /* PBXTargetDependency */,
			);
			name = forZoloUITests;
			productName = forZoloUITests;
			productReference = 42FE5C7E2B384C54004982E3 /* forZoloUITests.xctest */;
			productType = "com.apple.product-type.bundle.ui-testing";
		};
/* End PBXNativeTarget section */

/* Begin PBXProject section */
		42FE5C5A2B384C52004982E3 /* Project object */ = {
			isa = PBXProject;
			attributes = {
				BuildIndependentTargetsInParallel = 1;
				LastSwiftUpdateCheck = 1510;
				LastUpgradeCheck = 1510;
				TargetAttributes = {
					42FE5C612B384C52004982E3 = {
						CreatedOnToolsVersion = 15.1;
					};
					42FE5C732B384C54004982E3 = {
						CreatedOnToolsVersion = 15.1;
						TestTargetID = 42FE5C612B384C52004982E3;
					};
					42FE5C7D2B384C54004982E3 = {
						CreatedOnToolsVersion = 15.1;
						TestTargetID = 42FE5C612B384C52004982E3;
					};
				};
			};
			buildConfigurationList = 42FE5C5D2B384C52004982E3 /* Build configuration list for PBXProject "forZolo" */;
			compatibilityVersion = "Xcode 14.0";
			developmentRegion = en;
			hasScannedForEncodings = 0;
			knownRegions = (
				en,
				Base,
			);
			mainGroup = 42FE5C592B384C52004982E3;
			productRefGroup = 42FE5C632B384C52004982E3 /* Products */;
			projectDirPath = "";
			projectRoot = "";
			targets = (
				42FE5C612B384C52004982E3 /* forZolo */,
				42FE5C732B384C54004982E3 /* forZoloTests */,
				42FE5C7D2B384C54004982E3 /* forZoloUITests */,
			);
		};
/* End PBXProject section */

/* Begin PBXResourcesBuildPhase section */
		42FE5C602B384C52004982E3 /* Resources */ = {
			isa = PBXResourcesBuildPhase;
			buildActionMask = 2147483647;
			files = (
				42FE5C6F2B384C54004982E3 /* Preview Assets.xcassets in Resources */,
				42FE5C6C2B384C54004982E3 /* Assets.xcassets in Resources */,
			);
			runOnlyForDeploymentPostprocessing = 0;
		};
		42FE5C722B384C54004982E3 /* Resources */ = {
			isa = PBXResourcesBuildPhase;
			buildActionMask = 2147483647;
			files = (
			);
			runOnlyForDeploymentPostprocessing = 0;
		};
		42FE5C7C2B384C54004982E3 /* Resources */ = {
			isa = PBXResourcesBuildPhase;
			buildActionMask = 2147483647;
			files = (
			);
			runOnlyForDeploymentPostprocessing = 0;
		};
/* End PBXResourcesBuildPhase section */

/* Begin PBXSourcesBuildPhase section */
		42FE5C5E2B384C52004982E3 /* Sources */ = {
			isa = PBXSourcesBuildPhase;
			buildActionMask = 2147483647;
			files = (
				42FE5CD02B38CF07004982E3 /* AddBookView.swift in Sources */,
				42FE5CCA2B38ACAE004982E3 /* BookList.swift in Sources */,
				42FE5C682B384C52004982E3 /* ContentView.swift in Sources */,
				42FE5CCC2B38B561004982E3 /* frontPage.swift in Sources */,
				42FE5CCE2B38C203004982E3 /* TopNavBar.swift in Sources */,
				42FE5C6A2B384C52004982E3 /* Item.swift in Sources */,
				42FE5C662B384C52004982E3 /* forZoloApp.swift in Sources */,
			);
			runOnlyForDeploymentPostprocessing = 0;
		};
		42FE5C702B384C54004982E3 /* Sources */ = {
			isa = PBXSourcesBuildPhase;
			buildActionMask = 2147483647;
			files = (
			);
			runOnlyForDeploymentPostprocessing = 0;
		};
		42FE5C7A2B384C54004982E3 /* Sources */ = {
			isa = PBXSourcesBuildPhase;
			buildActionMask = 2147483647;
			files = (
			);
			runOnlyForDeploymentPostprocessing = 0;
		};
/* End PBXSourcesBuildPhase section */

/* Begin PBXTargetDependency section */
		42FE5C762B384C54004982E3 /* PBXTargetDependency */ = {
			isa = PBXTargetDependency;
			target = 42FE5C612B384C52004982E3 /* forZolo */;
			targetProxy = 42FE5C752B384C54004982E3 /* PBXContainerItemProxy */;
		};
		42FE5C802B384C54004982E3 /* PBXTargetDependency */ = {
			isa = PBXTargetDependency;
			target = 42FE5C612B384C52004982E3 /* forZolo */;
			targetProxy = 42FE5C7F2B384C54004982E3 /* PBXContainerItemProxy */;
		};
/* End PBXTargetDependency section */

/* Begin XCBuildConfiguration section */
		42FE5C862B384C54004982E3 /* Debug */ = {
			isa = XCBuildConfiguration;
			buildSettings = {
				ALWAYS_SEARCH_USER_PATHS = NO;
				ASSETCATALOG_COMPILER_GENERATE_SWIFT_ASSET_SYMBOL_EXTENSIONS = YES;
				CLANG_ANALYZER_NONNULL = YES;
				CLANG_ANALYZER_NUMBER_OBJECT_CONVERSION = YES_AGGRESSIVE;
				CLANG_CXX_LANGUAGE_STANDARD = "gnu++20";
				CLANG_ENABLE_MODULES = YES;
				CLANG_ENABLE_OBJC_ARC = YES;
				CLANG_ENABLE_OBJC_WEAK = YES;
				CLANG_WARN_BLOCK_CAPTURE_AUTORELEASING = YES;
				CLANG_WARN_BOOL_CONVERSION = YES;
				CLANG_WARN_COMMA = YES;
				CLANG_WARN_CONSTANT_CONVERSION = YES;
				CLANG_WARN_DEPRECATED_OBJC_IMPLEMENTATIONS = YES;
				CLANG_WARN_DIRECT_OBJC_ISA_USAGE = YES_ERROR;
				CLANG_WARN_DOCUMENTATION_COMMENTS = YES;
				CLANG_WARN_EMPTY_BODY = YES;
				CLANG_WARN_ENUM_CONVERSION = YES;
				CLANG_WARN_INFINITE_RECURSION = YES;
				CLANG_WARN_INT_CONVERSION = YES;
				CLANG_WARN_NON_LITERAL_NULL_CONVERSION = YES;
				CLANG_WARN_OBJC_IMPLICIT_RETAIN_SELF = YES;
				CLANG_WARN_OBJC_LITERAL_CONVERSION = YES;
				CLANG_WARN_OBJC_ROOT_CLASS = YES_ERROR;
				CLANG_WARN_QUOTED_INCLUDE_IN_FRAMEWORK_HEADER = YES;
				CLANG_WARN_RANGE_LOOP_ANALYSIS = YES;
				CLANG_WARN_STRICT_PROTOTYPES = YES;
				CLANG_WARN_SUSPICIOUS_MOVE = YES;
				CLANG_WARN_UNGUARDED_AVAILABILITY = YES_AGGRESSIVE;
				CLANG_WARN_UNREACHABLE_CODE = YES;
				CLANG_WARN__DUPLICATE_METHOD_MATCH = YES;
				COPY_PHASE_STRIP = NO;
				DEBUG_INFORMATION_FORMAT = dwarf;
				ENABLE_STRICT_OBJC_MSGSEND = YES;
				ENABLE_TESTABILITY = YES;
				ENABLE_USER_SCRIPT_SANDBOXING = YES;
				GCC_C_LANGUAGE_STANDARD = gnu17;
				GCC_DYNAMIC_NO_PIC = NO;
				GCC_NO_COMMON_BLOCKS = YES;
				GCC_OPTIMIZATION_LEVEL = 0;
				GCC_PREPROCESSOR_DEFINITIONS = (
					"DEBUG=1",
					"$(inherited)",
				);
				GCC_WARN_64_TO_32_BIT_CONVERSION = YES;
				GCC_WARN_ABOUT_RETURN_TYPE = YES_ERROR;
				GCC_WARN_UNDECLARED_SELECTOR = YES;
				GCC_WARN_UNINITIALIZED_AUTOS = YES_AGGRESSIVE;
				GCC_WARN_UNUSED_FUNCTION = YES;
				GCC_WARN_UNUSED_VARIABLE = YES;
				IPHONEOS_DEPLOYMENT_TARGET = 17.2;
				LOCALIZATION_PREFERS_STRING_CATALOGS = YES;
				MTL_ENABLE_DEBUG_INFO = INCLUDE_SOURCE;
				MTL_FAST_MATH = YES;
				ONLY_ACTIVE_ARCH = YES;
				SDKROOT = iphoneos;
				SWIFT_ACTIVE_COMPILATION_CONDITIONS = "DEBUG $(inherited)";
				SWIFT_OPTIMIZATION_LEVEL = "-Onone";
			};
			name = Debug;
		};
		42FE5C872B384C54004982E3 /* Release */ = {
			isa = XCBuildConfiguration;
			buildSettings = {
				ALWAYS_SEARCH_USER_PATHS = NO;
				ASSETCATALOG_COMPILER_GENERATE_SWIFT_ASSET_SYMBOL_EXTENSIONS = YES;
				CLANG_ANALYZER_NONNULL = YES;
				CLANG_ANALYZER_NUMBER_OBJECT_CONVERSION = YES_AGGRESSIVE;
				CLANG_CXX_LANGUAGE_STANDARD = "gnu++20";
				CLANG_ENABLE_MODULES = YES;
				CLANG_ENABLE_OBJC_ARC = YES;
				CLANG_ENABLE_OBJC_WEAK = YES;
				CLANG_WARN_BLOCK_CAPTURE_AUTORELEASING = YES;
				CLANG_WARN_BOOL_CONVERSION = YES;
				CLANG_WARN_COMMA = YES;
				CLANG_WARN_CONSTANT_CONVERSION = YES;
				CLANG_WARN_DEPRECATED_OBJC_IMPLEMENTATIONS = YES;
				CLANG_WARN_DIRECT_OBJC_ISA_USAGE = YES_ERROR;
				CLANG_WARN_DOCUMENTATION_COMMENTS = YES;
				CLANG_WARN_EMPTY_BODY = YES;
				CLANG_WARN_ENUM_CONVERSION = YES;
				CLANG_WARN_INFINITE_RECURSION = YES;
				CLANG_WARN_INT_CONVERSION = YES;
				CLANG_WARN_NON_LITERAL_NULL_CONVERSION = YES;
				CLANG_WARN_OBJC_IMPLICIT_RETAIN_SELF = YES;
				CLANG_WARN_OBJC_LITERAL_CONVERSION = YES;
				CLANG_WARN_OBJC_ROOT_CLASS = YES_ERROR;
				CLANG_WARN_QUOTED_INCLUDE_IN_FRAMEWORK_HEADER = YES;
				CLANG_WARN_RANGE_LOOP_ANALYSIS = YES;
				CLANG_WARN_STRICT_PROTOTYPES = YES;
				CLANG_WARN_SUSPICIOUS_MOVE = YES;
				CLANG_WARN_UNGUARDED_AVAILABILITY = YES_AGGRESSIVE;
				CLANG_WARN_UNREACHABLE_CODE = YES;
				CLANG_WARN__DUPLICATE_METHOD_MATCH = YES;
				COPY_PHASE_STRIP = NO;
				DEBUG_INFORMATION_FORMAT = "dwarf-with-dsym";
				ENABLE_NS_ASSERTIONS = NO;
				ENABLE_STRICT_OBJC_MSGSEND = YES;
				ENABLE_USER_SCRIPT_SANDBOXING = YES;
				GCC_C_LANGUAGE_STANDARD = gnu17;
				GCC_NO_COMMON_BLOCKS = YES;
				GCC_WARN_64_TO_32_BIT_CONVERSION = YES;
				GCC_WARN_ABOUT_RETURN_TYPE = YES_ERROR;
				GCC_WARN_UNDECLARED_SELECTOR = YES;
				GCC_WARN_UNINITIALIZED_AUTOS = YES_AGGRESSIVE;
				GCC_WARN_UNUSED_FUNCTION = YES;
				GCC_WARN_UNUSED_VARIABLE = YES;
				IPHONEOS_DEPLOYMENT_TARGET = 17.2;
				LOCALIZATION_PREFERS_STRING_CATALOGS = YES;
				MTL_ENABLE_DEBUG_INFO = NO;
				MTL_FAST_MATH = YES;
				SDKROOT = iphoneos;
				SWIFT_COMPILATION_MODE = wholemodule;
				VALIDATE_PRODUCT = YES;
			};
			name = Release;
		};
		42FE5C892B384C54004982E3 /* Debug */ = {
			isa = XCBuildConfiguration;
			buildSettings = {
				ASSETCATALOG_COMPILER_APPICON_NAME = AppIcon;
				ASSETCATALOG_COMPILER_GLOBAL_ACCENT_COLOR_NAME = AccentColor;
				CODE_SIGN_STYLE = Automatic;
				CURRENT_PROJECT_VERSION = 1;
				DEVELOPMENT_ASSET_PATHS = "\"forZolo/Preview Content\"";
				DEVELOPMENT_TEAM = 6988872SHM;
				ENABLE_PREVIEWS = YES;
				GENERATE_INFOPLIST_FILE = YES;
				INFOPLIST_KEY_UIApplicationSceneManifest_Generation = YES;
				INFOPLIST_KEY_UIApplicationSupportsIndirectInputEvents = YES;
				INFOPLIST_KEY_UILaunchScreen_Generation = YES;
				INFOPLIST_KEY_UISupportedInterfaceOrientations_iPad = "UIInterfaceOrientationPortrait UIInterfaceOrientationPortraitUpsideDown UIInterfaceOrientationLandscapeLeft UIInterfaceOrientationLandscapeRight";
				INFOPLIST_KEY_UISupportedInterfaceOrientations_iPhone = "UIInterfaceOrientationPortrait UIInterfaceOrientationLandscapeLeft UIInterfaceOrientationLandscapeRight";
				IPHONEOS_DEPLOYMENT_TARGET = 17.0;
				LD_RUNPATH_SEARCH_PATHS = (
					"$(inherited)",
					"@executable_path/Frameworks",
				);
				MARKETING_VERSION = 1.0;
				PRODUCT_BUNDLE_IDENTIFIER = aatmik.forZolo;
				PRODUCT_NAME = "$(TARGET_NAME)";
				SWIFT_EMIT_LOC_STRINGS = YES;
				SWIFT_VERSION = 5.0;
				TARGETED_DEVICE_FAMILY = "1,2";
			};
			name = Debug;
		};
		42FE5C8A2B384C54004982E3 /* Release */ = {
			isa = XCBuildConfiguration;
			buildSettings = {
				ASSETCATALOG_COMPILER_APPICON_NAME = AppIcon;
				ASSETCATALOG_COMPILER_GLOBAL_ACCENT_COLOR_NAME = AccentColor;
				CODE_SIGN_STYLE = Automatic;
				CURRENT_PROJECT_VERSION = 1;
				DEVELOPMENT_ASSET_PATHS = "\"forZolo/Preview Content\"";
				DEVELOPMENT_TEAM = 6988872SHM;
				ENABLE_PREVIEWS = YES;
				GENERATE_INFOPLIST_FILE = YES;
				INFOPLIST_KEY_UIApplicationSceneManifest_Generation = YES;
				INFOPLIST_KEY_UIApplicationSupportsIndirectInputEvents = YES;
				INFOPLIST_KEY_UILaunchScreen_Generation = YES;
				INFOPLIST_KEY_UISupportedInterfaceOrientations_iPad = "UIInterfaceOrientationPortrait UIInterfaceOrientationPortraitUpsideDown UIInterfaceOrientationLandscapeLeft UIInterfaceOrientationLandscapeRight";
				INFOPLIST_KEY_UISupportedInterfaceOrientations_iPhone = "UIInterfaceOrientationPortrait UIInterfaceOrientationLandscapeLeft UIInterfaceOrientationLandscapeRight";
				IPHONEOS_DEPLOYMENT_TARGET = 17.0;
				LD_RUNPATH_SEARCH_PATHS = (
					"$(inherited)",
					"@executable_path/Frameworks",
				);
				MARKETING_VERSION = 1.0;
				PRODUCT_BUNDLE_IDENTIFIER = aatmik.forZolo;
				PRODUCT_NAME = "$(TARGET_NAME)";
				SWIFT_EMIT_LOC_STRINGS = YES;
				SWIFT_VERSION = 5.0;
				TARGETED_DEVICE_FAMILY = "1,2";
			};
			name = Release;
		};
		42FE5C8C2B384C54004982E3 /* Debug */ = {
			isa = XCBuildConfiguration;
			buildSettings = {
				ALWAYS_EMBED_SWIFT_STANDARD_LIBRARIES = YES;
				BUNDLE_LOADER = "$(TEST_HOST)";
				CODE_SIGN_STYLE = Automatic;
				CURRENT_PROJECT_VERSION = 1;
				DEVELOPMENT_TEAM = 6988872SHM;
				GENERATE_INFOPLIST_FILE = YES;
				IPHONEOS_DEPLOYMENT_TARGET = 17.2;
				MARKETING_VERSION = 1.0;
				PRODUCT_BUNDLE_IDENTIFIER = aatmik.forZoloTests;
				PRODUCT_NAME = "$(TARGET_NAME)";
				SWIFT_EMIT_LOC_STRINGS = NO;
				SWIFT_VERSION = 5.0;
				TARGETED_DEVICE_FAMILY = "1,2";
				TEST_HOST = "$(BUILT_PRODUCTS_DIR)/forZolo.app/$(BUNDLE_EXECUTABLE_FOLDER_PATH)/forZolo";
			};
			name = Debug;
		};
		42FE5C8D2B384C54004982E3 /* Release */ = {
			isa = XCBuildConfiguration;
			buildSettings = {
				ALWAYS_EMBED_SWIFT_STANDARD_LIBRARIES = YES;
				BUNDLE_LOADER = "$(TEST_HOST)";
				CODE_SIGN_STYLE = Automatic;
				CURRENT_PROJECT_VERSION = 1;
				DEVELOPMENT_TEAM = 6988872SHM;
				GENERATE_INFOPLIST_FILE = YES;
				IPHONEOS_DEPLOYMENT_TARGET = 17.2;
				MARKETING_VERSION = 1.0;
				PRODUCT_BUNDLE_IDENTIFIER = aatmik.forZoloTests;
				PRODUCT_NAME = "$(TARGET_NAME)";
				SWIFT_EMIT_LOC_STRINGS = NO;
				SWIFT_VERSION = 5.0;
				TARGETED_DEVICE_FAMILY = "1,2";
				TEST_HOST = "$(BUILT_PRODUCTS_DIR)/forZolo.app/$(BUNDLE_EXECUTABLE_FOLDER_PATH)/forZolo";
			};
			name = Release;
		};
		42FE5C8F2B384C54004982E3 /* Debug */ = {
			isa = XCBuildConfiguration;
			buildSettings = {
				ALWAYS_EMBED_SWIFT_STANDARD_LIBRARIES = YES;
				CODE_SIGN_STYLE = Automatic;
				CURRENT_PROJECT_VERSION = 1;
				DEVELOPMENT_TEAM = 6988872SHM;
				GENERATE_INFOPLIST_FILE = YES;
				MARKETING_VERSION = 1.0;
				PRODUCT_BUNDLE_IDENTIFIER = aatmik.forZoloUITests;
				PRODUCT_NAME = "$(TARGET_NAME)";
				SWIFT_EMIT_LOC_STRINGS = NO;
				SWIFT_VERSION = 5.0;
				TARGETED_DEVICE_FAMILY = "1,2";
				TEST_TARGET_NAME = forZolo;
			};
			name = Debug;
		};
		42FE5C902B384C54004982E3 /* Release */ = {
			isa = XCBuildConfiguration;
			buildSettings = {
				ALWAYS_EMBED_SWIFT_STANDARD_LIBRARIES = YES;
				CODE_SIGN_STYLE = Automatic;
				CURRENT_PROJECT_VERSION = 1;
				DEVELOPMENT_TEAM = 6988872SHM;
				GENERATE_INFOPLIST_FILE = YES;
				MARKETING_VERSION = 1.0;
				PRODUCT_BUNDLE_IDENTIFIER = aatmik.forZoloUITests;
				PRODUCT_NAME = "$(TARGET_NAME)";
				SWIFT_EMIT_LOC_STRINGS = NO;
				SWIFT_VERSION = 5.0;
				TARGETED_DEVICE_FAMILY = "1,2";
				TEST_TARGET_NAME = forZolo;
			};
			name = Release;
		};
/* End XCBuildConfiguration section */

/* Begin XCConfigurationList section */
		42FE5C5D2B384C52004982E3 /* Build configuration list for PBXProject "forZolo" */ = {
			isa = XCConfigurationList;
			buildConfigurations = (
				42FE5C862B384C54004982E3 /* Debug */,
				42FE5C872B384C54004982E3 /* Release */,
			);
			defaultConfigurationIsVisible = 0;
			defaultConfigurationName = Release;
		};
		42FE5C882B384C54004982E3 /* Build configuration list for PBXNativeTarget "forZolo" */ = {
			isa = XCConfigurationList;
			buildConfigurations = (
				42FE5C892B384C54004982E3 /* Debug */,
				42FE5C8A2B384C54004982E3 /* Release */,
			);
			defaultConfigurationIsVisible = 0;
			defaultConfigurationName = Release;
		};
		42FE5C8B2B384C54004982E3 /* Build configuration list for PBXNativeTarget "forZoloTests" */ = {
			isa = XCConfigurationList;
			buildConfigurations = (
				42FE5C8C2B384C54004982E3 /* Debug */,
				42FE5C8D2B384C54004982E3 /* Release */,
			);
			defaultConfigurationIsVisible = 0;
			defaultConfigurationName = Release;
		};
		42FE5C8E2B384C54004982E3 /* Build configuration list for PBXNativeTarget "forZoloUITests" */ = {
			isa = XCConfigurationList;
			buildConfigurations = (
				42FE5C8F2B384C54004982E3 /* Debug */,
				42FE5C902B384C54004982E3 /* Release */,
			);
			defaultConfigurationIsVisible = 0;
			defaultConfigurationName = Release;
		};
/* End XCConfigurationList section */
	};
	rootObject = 42FE5C5A2B384C52004982E3 /* Project object */;
}
